
Microsoft Visual Studio Solution File, Format Version 12.00
# Visual Studio Version 16
VisualStudioVersion = 16.0.31702.278
MinimumVisualStudioVersion = 10.0.40219.1
Project("{8BC9CEB8-8B4A-11D0-8D11-00A0C91BC942}") = "lottery", "lottery\lottery.vcxproj", "{E8AF3475-47B0-491A-BC70-1B12193B8BDD}"
EndProject
Global
	GlobalSection(SolutionConfigurationPlatforms) = preSolution
		Debug|x64 = Debug|x64
		Debug|x86 = Debug|x86
		Release|x64 = Release|x64
		Release|x86 = Release|x86
	EndGlobalSection
	GlobalSection(ProjectConfigurationPlatforms) = postSolution
		{E8AF3475-47B0-491A-BC70-1B12193B8BDD}.Debug|x64.ActiveCfg = Debug|x64
		{E8AF3475-47B0-491A-BC70-1B12193B8BDD}.Debug|x64.Build.0 = Debug|x64
		{E8AF3475-47B0-491A-BC70-1B12193B8BDD}.Debug|x86.ActiveCfg = Debug|Win32
		{E8AF3475-47B0-491A-BC70-1B12193B8BDD}.Debug|x86.Build.0 = Debug|Win32
		{E8AF3475-47B0-491A-BC70-1B12193B8BDD}.Release|x64.ActiveCfg = Release|x64
		{E8AF3475-47B0-491A-BC70-1B12193B8BDD}.Release|x64.Build.0 = Release|x64
		{E8AF3475-47B0-491A-BC70-1B12193B8BDD}.Release|x86.ActiveCfg = Release|Win32
		{E8AF3475-47B0-491A-BC70-1B12193B8BDD}.Release|x86.Build.0 = Release|Win32
	EndGlobalSection
	GlobalSection(SolutionProperties) = preSolution
		HideSolutionNode = FALSE
	EndGlobalSection
	GlobalSection(ExtensibilityGlobals) = postSolution
		SolutionGuid = {D78989D4-5CD7-442B-842D-375D022479E5}
	EndGlobalSection
EndGlobal
